
Microsoft Visual Studio Solution File, Format Version 12.00
# Visual Studio Version 17
VisualStudioVersion = 17.2.32602.215
MinimumVisualStudioVersion = 10.0.40219.1
Project("{9A19103F-16F7-4668-BE54-9A1E7A4F7556}") = "Veterinary.WebApi", "Veterinary.WebApi\Veterinary.WebApi.csproj", "{E0A44C99-63FD-44DA-B7D5-44320D1A1F6A}"
EndProject
Project("{2150E333-8FDC-42A3-9474-1A3956D46DE8}") = "SRC", "SRC", "{15F6052C-2218-4004-9640-596C8E010DA3}"
EndProject
Project("{2150E333-8FDC-42A3-9474-1A3956D46DE8}") = "Core", "Core", "{46EC03F1-7D8F-4E39-BB22-A5A1E75FEEBF}"
EndProject
Project("{2150E333-8FDC-42A3-9474-1A3956D46DE8}") = "Documents", "Documents", "{402FC3AB-3AD4-4338-8E47-24D775ADFA09}"
EndProject
Project("{2150E333-8FDC-42A3-9474-1A3956D46DE8}") = "Test", "Test", "{D2768411-A398-4C89-B28B-A1208CE44F80}"
EndProject
Project("{2150E333-8FDC-42A3-9474-1A3956D46DE8}") = "EndPoint", "EndPoint", "{697D47E5-6971-418B-83D9-433159C101C4}"
EndProject
Project("{2150E333-8FDC-42A3-9474-1A3956D46DE8}") = "Infrastructure", "Infrastructure", "{44C21022-E96E-4EB1-B0C6-8785E23D108C}"
EndProject
Project("{9A19103F-16F7-4668-BE54-9A1E7A4F7556}") = "ApplicationsServices", "ApplicationsServices\ApplicationsServices.csproj", "{DD939E29-024A-456E-B944-AFFDDFE4DE69}"
EndProject
Project("{9A19103F-16F7-4668-BE54-9A1E7A4F7556}") = "DomainClass", "DomainClass\DomainClass.csproj", "{DCCC14D6-CBC4-4BCD-8732-AD55247ACD03}"
EndProject
Project("{9A19103F-16F7-4668-BE54-9A1E7A4F7556}") = "Persistence", "Persistence\Persistence.csproj", "{30DEE2C8-444E-460A-9BA7-82F59CA759C3}"
EndProject
Project("{9A19103F-16F7-4668-BE54-9A1E7A4F7556}") = "Shared", "Shared\Shared.csproj", "{A8C39554-7A33-4582-868A-9087DC2FA386}"
EndProject
Project("{2150E333-8FDC-42A3-9474-1A3956D46DE8}") = "Solution Items", "Solution Items", "{9E9EE80D-B87A-412F-8484-6985D373DBE6}"
	ProjectSection(SolutionItems) = preProject
		.editorconfig = .editorconfig
	EndProjectSection
EndProject
Global
	GlobalSection(SolutionConfigurationPlatforms) = preSolution
		Debug|Any CPU = Debug|Any CPU
		Release|Any CPU = Release|Any CPU
	EndGlobalSection
	GlobalSection(ProjectConfigurationPlatforms) = postSolution
		{E0A44C99-63FD-44DA-B7D5-44320D1A1F6A}.Debug|Any CPU.ActiveCfg = Debug|Any CPU
		{E0A44C99-63FD-44DA-B7D5-44320D1A1F6A}.Debug|Any CPU.Build.0 = Debug|Any CPU
		{E0A44C99-63FD-44DA-B7D5-44320D1A1F6A}.Release|Any CPU.ActiveCfg = Release|Any CPU
		{E0A44C99-63FD-44DA-B7D5-44320D1A1F6A}.Release|Any CPU.Build.0 = Release|Any CPU
		{DD939E29-024A-456E-B944-AFFDDFE4DE69}.Debug|Any CPU.ActiveCfg = Debug|Any CPU
		{DD939E29-024A-456E-B944-AFFDDFE4DE69}.Debug|Any CPU.Build.0 = Debug|Any CPU
		{DD939E29-024A-456E-B944-AFFDDFE4DE69}.Release|Any CPU.ActiveCfg = Release|Any CPU
		{DD939E29-024A-456E-B944-AFFDDFE4DE69}.Release|Any CPU.Build.0 = Release|Any CPU
		{DCCC14D6-CBC4-4BCD-8732-AD55247ACD03}.Debug|Any CPU.ActiveCfg = Debug|Any CPU
		{DCCC14D6-CBC4-4BCD-8732-AD55247ACD03}.Debug|Any CPU.Build.0 = Debug|Any CPU
		{DCCC14D6-CBC4-4BCD-8732-AD55247ACD03}.Release|Any CPU.ActiveCfg = Release|Any CPU
		{DCCC14D6-CBC4-4BCD-8732-AD55247ACD03}.Release|Any CPU.Build.0 = Release|Any CPU
		{30DEE2C8-444E-460A-9BA7-82F59CA759C3}.Debug|Any CPU.ActiveCfg = Debug|Any CPU
		{30DEE2C8-444E-460A-9BA7-82F59CA759C3}.Debug|Any CPU.Build.0 = Debug|Any CPU
		{30DEE2C8-444E-460A-9BA7-82F59CA759C3}.Release|Any CPU.ActiveCfg = Release|Any CPU
		{30DEE2C8-444E-460A-9BA7-82F59CA759C3}.Release|Any CPU.Build.0 = Release|Any CPU
		{A8C39554-7A33-4582-868A-9087DC2FA386}.Debug|Any CPU.ActiveCfg = Debug|Any CPU
		{A8C39554-7A33-4582-868A-9087DC2FA386}.Debug|Any CPU.Build.0 = Debug|Any CPU
		{A8C39554-7A33-4582-868A-9087DC2FA386}.Release|Any CPU.ActiveCfg = Release|Any CPU
		{A8C39554-7A33-4582-868A-9087DC2FA386}.Release|Any CPU.Build.0 = Release|Any CPU
	EndGlobalSection
	GlobalSection(SolutionProperties) = preSolution
		HideSolutionNode = FALSE
	EndGlobalSection
	GlobalSection(NestedProjects) = preSolution
		{E0A44C99-63FD-44DA-B7D5-44320D1A1F6A} = {697D47E5-6971-418B-83D9-433159C101C4}
		{46EC03F1-7D8F-4E39-BB22-A5A1E75FEEBF} = {15F6052C-2218-4004-9640-596C8E010DA3}
		{697D47E5-6971-418B-83D9-433159C101C4} = {15F6052C-2218-4004-9640-596C8E010DA3}
		{44C21022-E96E-4EB1-B0C6-8785E23D108C} = {15F6052C-2218-4004-9640-596C8E010DA3}
		{DD939E29-024A-456E-B944-AFFDDFE4DE69} = {46EC03F1-7D8F-4E39-BB22-A5A1E75FEEBF}
		{DCCC14D6-CBC4-4BCD-8732-AD55247ACD03} = {46EC03F1-7D8F-4E39-BB22-A5A1E75FEEBF}
		{30DEE2C8-444E-460A-9BA7-82F59CA759C3} = {44C21022-E96E-4EB1-B0C6-8785E23D108C}
		{A8C39554-7A33-4582-868A-9087DC2FA386} = {44C21022-E96E-4EB1-B0C6-8785E23D108C}
	EndGlobalSection
	GlobalSection(ExtensibilityGlobals) = postSolution
		SolutionGuid = {615EEF31-410A-43FC-B936-B730735CA4BE}
	EndGlobalSection
EndGlobal
